// !$*UTF8*$!
{
	archiveVersion = 1;
	classes = {
	};
	objectVersion = 46;
	objects = {

/* Begin PBXBuildFile section */
		7888D75C1D61A17C00302989 /* main.m in Sources */ = {isa = PBXBuildFile; fileRef = 7888D75B1D61A17C00302989 /* main.m */; };
		7888D75F1D61A17C00302989 /* AppDelegate.m in Sources */ = {isa = PBXBuildFile; fileRef = 7888D75E1D61A17C00302989 /* AppDelegate.m */; };
		7888D7621D61A17C00302989 /* ViewController.m in Sources */ = {isa = PBXBuildFile; fileRef = 7888D7611D61A17C00302989 /* ViewController.m */; };
		7888D7651D61A17C00302989 /* Main.storyboard in Resources */ = {isa = PBXBuildFile; fileRef = 7888D7631D61A17C00302989 /* Main.storyboard */; };
		7888D7671D61A17C00302989 /* Assets.xcassets in Resources */ = {isa = PBXBuildFile; fileRef = 7888D7661D61A17C00302989 /* Assets.xcassets */; };
		7888D76A1D61A17C00302989 /* LaunchScreen.storyboard in Resources */ = {isa = PBXBuildFile; fileRef = 7888D7681D61A17C00302989 /* LaunchScreen.storyboard */; };
		7888D7751D61A17C00302989 /* testDemoTests.m in Sources */ = {isa = PBXBuildFile; fileRef = 7888D7741D61A17C00302989 /* testDemoTests.m */; };
		7888D7801D61A17C00302989 /* testDemoUITests.m in Sources */ = {isa = PBXBuildFile; fileRef = 7888D77F1D61A17C00302989 /* testDemoUITests.m */; };
		7888D7961D61A18D00302989 /* TPKeyboardAvoidingCollectionView.m in Sources */ = {isa = PBXBuildFile; fileRef = 7888D78F1D61A18D00302989 /* TPKeyboardAvoidingCollectionView.m */; };
		7888D7971D61A18D00302989 /* TPKeyboardAvoidingScrollView.m in Sources */ = {isa = PBXBuildFile; fileRef = 7888D7911D61A18D00302989 /* TPKeyboardAvoidingScrollView.m */; };
		7888D7981D61A18D00302989 /* TPKeyboardAvoidingTableView.m in Sources */ = {isa = PBXBuildFile; fileRef = 7888D7931D61A18D00302989 /* TPKeyboardAvoidingTableView.m */; };
		7888D7991D61A18D00302989 /* UIScrollView+TPKeyboardAvoidingAdditions.m in Sources */ = {isa = PBXBuildFile; fileRef = 7888D7951D61A18D00302989 /* UIScrollView+TPKeyboardAvoidingAdditions.m */; };
		78A5D9E21D83B094002030DC /* WYLResponseLabel.m in Sources */ = {isa = PBXBuildFile; fileRef = 78A5D9E11D83B094002030DC /* WYLResponseLabel.m */; };
/* End PBXBuildFile section */

/* Begin PBXContainerItemProxy section */
		7888D7711D61A17C00302989 /* PBXContainerItemProxy */ = {
			isa = PBXContainerItemProxy;
			containerPortal = 7888D74F1D61A17C00302989 /* Project object */;
			proxyType = 1;
			remoteGlobalIDString = 7888D7561D61A17C00302989;
			remoteInfo = testDemo;
		};
		7888D77C1D61A17C00302989 /* PBXContainerItemProxy */ = {
			isa = PBXContainerItemProxy;
			containerPortal = 7888D74F1D61A17C00302989 /* Project object */;
			proxyType = 1;
			remoteGlobalIDString = 7888D7561D61A17C00302989;
			remoteInfo = testDemo;
		};
/* End PBXContainerItemProxy section */

/* Begin PBXFileReference section */
		7888D7571D61A17C00302989 /* testDemo.app */ = {isa = PBXFileReference; explicitFileType = wrapper.application; includeInIndex = 0; path = testDemo.app; sourceTree = BUILT_PRODUCTS_DIR; };
		7888D75B1D61A17C00302989 /* main.m */ = {isa = PBXFileReference; lastKnownFileType = sourcecode.c.objc; path = main.m; sourceTree = "<group>"; };
		7888D75D1D61A17C00302989 /* AppDelegate.h */ = {isa = PBXFileReference; lastKnownFileType = sourcecode.c.h; path = AppDelegate.h; sourceTree = "<group>"; };
		7888D75E1D61A17C00302989 /* AppDelegate.m */ = {isa = PBXFileReference; lastKnownFileType = sourcecode.c.objc; path = AppDelegate.m; sourceTree = "<group>"; };
		7888D7601D61A17C00302989 /* ViewController.h */ = {isa = PBXFileReference; lastKnownFileType = sourcecode.c.h; path = ViewController.h; sourceTree = "<group>"; };
		7888D7611D61A17C00302989 /* ViewController.m */ = {isa = PBXFileReference; lastKnownFileType = sourcecode.c.objc; path = ViewController.m; sourceTree = "<group>"; };
		7888D7641D61A17C00302989 /* Base */ = {isa = PBXFileReference; lastKnownFileType = file.storyboard; name = Base; path = Base.lproj/Main.storyboard; sourceTree = "<group>"; };
		7888D7661D61A17C00302989 /* Assets.xcassets */ = {isa = PBXFileReference; lastKnownFileType = folder.assetcatalog; path = Assets.xcassets; sourceTree = "<group>"; };
		7888D7691D61A17C00302989 /* Base */ = {isa = PBXFileReference; lastKnownFileType = file.storyboard; name = Base; path = Base.lproj/LaunchScreen.storyboard; sourceTree = "<group>"; };
		7888D76B1D61A17C00302989 /* Info.plist */ = {isa = PBXFileReference; lastKnownFileType = text.plist.xml; path = Info.plist; sourceTree = "<group>"; };
		7888D7701D61A17C00302989 /* testDemoTests.xctest */ = {isa = PBXFileReference; explicitFileType = wrapper.cfbundle; includeInIndex = 0; path = testDemoTests.xctest; sourceTree = BUILT_PRODUCTS_DIR; };
		7888D7741D61A17C00302989 /* testDemoTests.m */ = {isa = PBXFileReference; lastKnownFileType = sourcecode.c.objc; path = testDemoTests.m; sourceTree = "<group>"; };
		7888D7761D61A17C00302989 /* Info.plist */ = {isa = PBXFileReference; lastKnownFileType = text.plist.xml; path = Info.plist; sourceTree = "<group>"; };
		7888D77B1D61A17C00302989 /* testDemoUITests.xctest */ = {isa = PBXFileReference; explicitFileType = wrapper.cfbundle; includeInIndex = 0; path = testDemoUITests.xctest; sourceTree = BUILT_PRODUCTS_DIR; };
		7888D77F1D61A17C00302989 /* testDemoUITests.m */ = {isa = PBXFileReference; lastKnownFileType = sourcecode.c.objc; path = testDemoUITests.m; sourceTree = "<group>"; };
		7888D7811D61A17C00302989 /* Info.plist */ = {isa = PBXFileReference; lastKnownFileType = text.plist.xml; path = Info.plist; sourceTree = "<group>"; };
		7888D78E1D61A18D00302989 /* TPKeyboardAvoidingCollectionView.h */ = {isa = PBXFileReference; fileEncoding = 4; lastKnownFileType = sourcecode.c.h; path = TPKeyboardAvoidingCollectionView.h; sourceTree = "<group>"; };
		7888D78F1D61A18D00302989 /* TPKeyboardAvoidingCollectionView.m */ = {isa = PBXFileReference; fileEncoding = 4; lastKnownFileType = sourcecode.c.objc; path = TPKeyboardAvoidingCollectionView.m; sourceTree = "<group>"; };
		7888D7901D61A18D00302989 /* TPKeyboardAvoidingScrollView.h */ = {isa = PBXFileReference; fileEncoding = 4; lastKnownFileType = sourcecode.c.h; path = TPKeyboardAvoidingScrollView.h; sourceTree = "<group>"; };
		7888D7911D61A18D00302989 /* TPKeyboardAvoidingScrollView.m */ = {isa = PBXFileReference; fileEncoding = 4; lastKnownFileType = sourcecode.c.objc; path = TPKeyboardAvoidingScrollView.m; sourceTree = "<group>"; };
		7888D7921D61A18D00302989 /* TPKeyboardAvoidingTableView.h */ = {isa = PBXFileReference; fileEncoding = 4; lastKnownFileType = sourcecode.c.h; path = TPKeyboardAvoidingTableView.h; sourceTree = "<group>"; };
		7888D7931D61A18D00302989 /* TPKeyboardAvoidingTableView.m */ = {isa = PBXFileReference; fileEncoding = 4; lastKnownFileType = sourcecode.c.objc; path = TPKeyboardAvoidingTableView.m; sourceTree = "<group>"; };
		7888D7941D61A18D00302989 /* UIScrollView+TPKeyboardAvoidingAdditions.h */ = {isa = PBXFileReference; fileEncoding = 4; lastKnownFileType = sourcecode.c.h; path = "UIScrollView+TPKeyboardAvoidingAdditions.h"; sourceTree = "<group>"; };
		7888D7951D61A18D00302989 /* UIScrollView+TPKeyboardAvoidingAdditions.m */ = {isa = PBXFileReference; fileEncoding = 4; lastKnownFileType = sourcecode.c.objc; path = "UIScrollView+TPKeyboardAvoidingAdditions.m"; sourceTree = "<group>"; };
		78A5D9E01D83B094002030DC /* WYLResponseLabel.h */ = {isa = PBXFileReference; fileEncoding = 4; lastKnownFileType = sourcecode.c.h; path = WYLResponseLabel.h; sourceTree = "<group>"; };
		78A5D9E11D83B094002030DC /* WYLResponseLabel.m */ = {isa = PBXFileReference; fileEncoding = 4; lastKnownFileType = sourcecode.c.objc; path = WYLResponseLabel.m; sourceTree = "<group>"; };
/* End PBXFileReference section */

/* Begin PBXFrameworksBuildPhase section */
		7888D7541D61A17C00302989 /* Frameworks */ = {
			isa = PBXFrameworksBuildPhase;
			buildActionMask = 2147483647;
			files = (
			);
			runOnlyForDeploymentPostprocessing = 0;
		};
		7888D76D1D61A17C00302989 /* Frameworks */ = {
			isa = PBXFrameworksBuildPhase;
			buildActionMask = 2147483647;
			files = (
			);
			runOnlyForDeploymentPostprocessing = 0;
		};
		7888D7781D61A17C00302989 /* Frameworks */ = {
			isa = PBXFrameworksBuildPhase;
			buildActionMask = 2147483647;
			files = (
			);
			runOnlyForDeploymentPostprocessing = 0;
		};
/* End PBXFrameworksBuildPhase section */

/* Begin PBXGroup section */
		7888D74E1D61A17B00302989 = {
			isa = PBXGroup;
			children = (
				7888D7591D61A17C00302989 /* testDemo */,
				7888D7731D61A17C00302989 /* testDemoTests */,
				7888D77E1D61A17C00302989 /* testDemoUITests */,
				7888D7581D61A17C00302989 /* Products */,
			);
			sourceTree = "<group>";
		};
		7888D7581D61A17C00302989 /* Products */ = {
			isa = PBXGroup;
			children = (
				7888D7571D61A17C00302989 /* testDemo.app */,
				7888D7701D61A17C00302989 /* testDemoTests.xctest */,
				7888D77B1D61A17C00302989 /* testDemoUITests.xctest */,
			);
			name = Products;
			sourceTree = "<group>";
		};
		7888D7591D61A17C00302989 /* testDemo */ = {
			isa = PBXGroup;
			children = (
				7888D78D1D61A18D00302989 /* TPKeyboardAvoiding */,
				7888D75D1D61A17C00302989 /* AppDelegate.h */,
				7888D75E1D61A17C00302989 /* AppDelegate.m */,
				7888D7601D61A17C00302989 /* ViewController.h */,
				7888D7611D61A17C00302989 /* ViewController.m */,
				78A5D9E01D83B094002030DC /* WYLResponseLabel.h */,
				78A5D9E11D83B094002030DC /* WYLResponseLabel.m */,
				7888D7631D61A17C00302989 /* Main.storyboard */,
				7888D7661D61A17C00302989 /* Assets.xcassets */,
				7888D7681D61A17C00302989 /* LaunchScreen.storyboard */,
				7888D76B1D61A17C00302989 /* Info.plist */,
				7888D75A1D61A17C00302989 /* Supporting Files */,
			);
			path = testDemo;
			sourceTree = "<group>";
		};
		7888D75A1D61A17C00302989 /* Supporting Files */ = {
			isa = PBXGroup;
			children = (
				7888D75B1D61A17C00302989 /* main.m */,
			);
			name = "Supporting Files";
			sourceTree = "<group>";
		};
		7888D7731D61A17C00302989 /* testDemoTests */ = {
			isa = PBXGroup;
			children = (
				7888D7741D61A17C00302989 /* testDemoTests.m */,
				7888D7761D61A17C00302989 /* Info.plist */,
			);
			path = testDemoTests;
			sourceTree = "<group>";
		};
		7888D77E1D61A17C00302989 /* testDemoUITests */ = {
			isa = PBXGroup;
			children = (
				7888D77F1D61A17C00302989 /* testDemoUITests.m */,
				7888D7811D61A17C00302989 /* Info.plist */,
			);
			path = testDemoUITests;
			sourceTree = "<group>";
		};
		7888D78D1D61A18D00302989 /* TPKeyboardAvoiding */ = {
			isa = PBXGroup;
			children = (
				7888D78E1D61A18D00302989 /* TPKeyboardAvoidingCollectionView.h */,
				7888D78F1D61A18D00302989 /* TPKeyboardAvoidingCollectionView.m */,
				7888D7901D61A18D00302989 /* TPKeyboardAvoidingScrollView.h */,
				7888D7911D61A18D00302989 /* TPKeyboardAvoidingScrollView.m */,
				7888D7921D61A18D00302989 /* TPKeyboardAvoidingTableView.h */,
				7888D7931D61A18D00302989 /* TPKeyboardAvoidingTableView.m */,
				7888D7941D61A18D00302989 /* UIScrollView+TPKeyboardAvoidingAdditions.h */,
				7888D7951D61A18D00302989 /* UIScrollView+TPKeyboardAvoidingAdditions.m */,
			);
			path = TPKeyboardAvoiding;
			sourceTree = "<group>";
		};
/* End PBXGroup section */

/* Begin PBXNativeTarget section */
		7888D7561D61A17C00302989 /* testDemo */ = {
			isa = PBXNativeTarget;
			buildConfigurationList = 7888D7841D61A17C00302989 /* Build configuration list for PBXNativeTarget "testDemo" */;
			buildPhases = (
				7888D7531D61A17C00302989 /* Sources */,
				7888D7541D61A17C00302989 /* Frameworks */,
				7888D7551D61A17C00302989 /* Resources */,
			);
			buildRules = (
			);
			dependencies = (
			);
			name = testDemo;
			productName = testDemo;
			productReference = 7888D7571D61A17C00302989 /* testDemo.app */;
			productType = "com.apple.product-type.application";
		};
		7888D76F1D61A17C00302989 /* testDemoTests */ = {
			isa = PBXNativeTarget;
			buildConfigurationList = 7888D7871D61A17C00302989 /* Build configuration list for PBXNativeTarget "testDemoTests" */;
			buildPhases = (
				7888D76C1D61A17C00302989 /* Sources */,
				7888D76D1D61A17C00302989 /* Frameworks */,
				7888D76E1D61A17C00302989 /* Resources */,
			);
			buildRules = (
			);
			dependencies = (
				7888D7721D61A17C00302989 /* PBXTargetDependency */,
			);
			name = testDemoTests;
			productName = testDemoTests;
			productReference = 7888D7701D61A17C00302989 /* testDemoTests.xctest */;
			productType = "com.apple.product-type.bundle.unit-test";
		};
		7888D77A1D61A17C00302989 /* testDemoUITests */ = {
			isa = PBXNativeTarget;
			buildConfigurationList = 7888D78A1D61A17C00302989 /* Build configuration list for PBXNativeTarget "testDemoUITests" */;
			buildPhases = (
				7888D7771D61A17C00302989 /* Sources */,
				7888D7781D61A17C00302989 /* Frameworks */,
				7888D7791D61A17C00302989 /* Resources */,
			);
			buildRules = (
			);
			dependencies = (
				7888D77D1D61A17C00302989 /* PBXTargetDependency */,
			);
			name = testDemoUITests;
			productName = testDemoUITests;
			productReference = 7888D77B1D61A17C00302989 /* testDemoUITests.xctest */;
			productType = "com.apple.product-type.bundle.ui-testing";
		};
/* End PBXNativeTarget section */

/* Begin PBXProject section */
		7888D74F1D61A17C00302989 /* Project object */ = {
			isa = PBXProject;
			attributes = {
				LastUpgradeCheck = 0730;
				ORGANIZATIONNAME = YCD_WYL;
				TargetAttributes = {
					7888D7561D61A17C00302989 = {
						CreatedOnToolsVersion = 7.3.1;
					};
					7888D76F1D61A17C00302989 = {
						CreatedOnToolsVersion = 7.3.1;
						TestTargetID = 7888D7561D61A17C00302989;
					};
					7888D77A1D61A17C00302989 = {
						CreatedOnToolsVersion = 7.3.1;
						TestTargetID = 7888D7561D61A17C00302989;
					};
				};
			};
			buildConfigurationList = 7888D7521D61A17C00302989 /* Build configuration list for PBXProject "testDemo" */;
			compatibilityVersion = "Xcode 3.2";
			developmentRegion = English;
			hasScannedForEncodings = 0;
			knownRegions = (
				en,
				Base,
			);
			mainGroup = 7888D74E1D61A17B00302989;
			productRefGroup = 7888D7581D61A17C00302989 /* Products */;
			projectDirPath = "";
			projectRoot = "";
			targets = (
				7888D7561D61A17C00302989 /* testDemo */,
				7888D76F1D61A17C00302989 /* testDemoTests */,
				7888D77A1D61A17C00302989 /* testDemoUITests */,
			);
		};
/* End PBXProject section */

/* Begin PBXResourcesBuildPhase section */
		7888D7551D61A17C00302989 /* Resources */ = {
			isa = PBXResourcesBuildPhase;
			buildActionMask = 2147483647;
			files = (
				7888D76A1D61A17C00302989 /* LaunchScreen.storyboard in Resources */,
				7888D7671D61A17C00302989 /* Assets.xcassets in Resources */,
				7888D7651D61A17C00302989 /* Main.storyboard in Resources */,
			);
			runOnlyForDeploymentPostprocessing = 0;
		};
		7888D76E1D61A17C00302989 /* Resources */ = {
			isa = PBXResourcesBuildPhase;
			buildActionMask = 2147483647;
			files = (
			);
			runOnlyForDeploymentPostprocessing = 0;
		};
		7888D7791D61A17C00302989 /* Resources */ = {
			isa = PBXResourcesBuildPhase;
			buildActionMask = 2147483647;
			files = (
			);
			runOnlyForDeploymentPostprocessing = 0;
		};
/* End PBXResourcesBuildPhase section */

/* Begin PBXSourcesBuildPhase section */
		7888D7531D61A17C00302989 /* Sources */ = {
			isa = PBXSourcesBuildPhase;
			buildActionMask = 2147483647;
			files = (
				78A5D9E21D83B094002030DC /* WYLResponseLabel.m in Sources */,
				7888D7621D61A17C00302989 /* ViewController.m in Sources */,
				7888D7971D61A18D00302989 /* TPKeyboardAvoidingScrollView.m in Sources */,
				7888D75F1D61A17C00302989 /* AppDelegate.m in Sources */,
				7888D7991D61A18D00302989 /* UIScrollView+TPKeyboardAvoidingAdditions.m in Sources */,
				7888D7981D61A18D00302989 /* TPKeyboardAvoidingTableView.m in Sources */,
				7888D7961D61A18D00302989 /* TPKeyboardAvoidingCollectionView.m in Sources */,
				7888D75C1D61A17C00302989 /* main.m in Sources */,
			);
			runOnlyForDeploymentPostprocessing = 0;
		};
		7888D76C1D61A17C00302989 /* Sources */ = {
			isa = PBXSourcesBuildPhase;
			buildActionMask = 2147483647;
			files = (
				7888D7751D61A17C00302989 /* testDemoTests.m in Sources */,
			);
			runOnlyForDeploymentPostprocessing = 0;
		};
		7888D7771D61A17C00302989 /* Sources */ = {
			isa = PBXSourcesBuildPhase;
			buildActionMask = 2147483647;
			files = (
				7888D7801D61A17C00302989 /* testDemoUITests.m in Sources */,
			);
			runOnlyForDeploymentPostprocessing = 0;
		};
/* End PBXSourcesBuildPhase section */

/* Begin PBXTargetDependency section */
		7888D7721D61A17C00302989 /* PBXTargetDependency */ = {
			isa = PBXTargetDependency;
			target = 7888D7561D61A17C00302989 /* testDemo */;
			targetProxy = 7888D7711D61A17C00302989 /* PBXContainerItemProxy */;
		};
		7888D77D1D61A17C00302989 /* PBXTargetDependency */ = {
			isa = PBXTargetDependency;
			target = 7888D7561D61A17C00302989 /* testDemo */;
			targetProxy = 7888D77C1D61A17C00302989 /* PBXContainerItemProxy */;
		};
/* End PBXTargetDependency section */

/* Begin PBXVariantGroup section */
		7888D7631D61A17C00302989 /* Main.storyboard */ = {
			isa = PBXVariantGroup;
			children = (
				7888D7641D61A17C00302989 /* Base */,
			);
			name = Main.storyboard;
			sourceTree = "<group>";
		};
		7888D7681D61A17C00302989 /* LaunchScreen.storyboard */ = {
			isa = PBXVariantGroup;
			children = (
				7888D7691D61A17C00302989 /* Base */,
			);
			name = LaunchScreen.storyboard;
			sourceTree = "<group>";
		};
/* End PBXVariantGroup section */

/* Begin XCBuildConfiguration section */
		7888D7821D61A17C00302989 /* Debug */ = {
			isa = XCBuildConfiguration;
			buildSettings = {
				ALWAYS_SEARCH_USER_PATHS = NO;
				CLANG_ANALYZER_NONNULL = YES;
				CLANG_CXX_LANGUAGE_STANDARD = "gnu++0x";
				CLANG_CXX_LIBRARY = "libc++";
				CLANG_ENABLE_MODULES = YES;
				CLANG_ENABLE_OBJC_ARC = YES;
				CLANG_WARN_BOOL_CONVERSION = YES;
				CLANG_WARN_CONSTANT_CONVERSION = YES;
				CLANG_WARN_DIRECT_OBJC_ISA_USAGE = YES_ERROR;
				CLANG_WARN_EMPTY_BODY = YES;
				CLANG_WARN_ENUM_CONVERSION = YES;
				CLANG_WARN_INT_CONVERSION = YES;
				CLANG_WARN_OBJC_ROOT_CLASS = YES_ERROR;
				CLANG_WARN_UNREACHABLE_CODE = YES;
				CLANG_WARN__DUPLICATE_METHOD_MATCH = YES;
				"CODE_SIGN_IDENTITY[sdk=iphoneos*]" = "iPhone Developer";
				COPY_PHASE_STRIP = NO;
				DEBUG_INFORMATION_FORMAT = dwarf;
				ENABLE_STRICT_OBJC_MSGSEND = YES;
				ENABLE_TESTABILITY = YES;
				GCC_C_LANGUAGE_STANDARD = gnu99;
				GCC_DYNAMIC_NO_PIC = NO;
				GCC_NO_COMMON_BLOCKS = YES;
				GCC_OPTIMIZATION_LEVEL = 0;
				GCC_PREPROCESSOR_DEFINITIONS = (
					"DEBUG=1",
					"$(inherited)",
				);
				GCC_WARN_64_TO_32_BIT_CONVERSION = YES;
				GCC_WARN_ABOUT_RETURN_TYPE = YES_ERROR;
				GCC_WARN_UNDECLARED_SELECTOR = YES;
				GCC_WARN_UNINITIALIZED_AUTOS = YES_AGGRESSIVE;
				GCC_WARN_UNUSED_FUNCTION = YES;
				GCC_WARN_UNUSED_VARIABLE = YES;
				IPHONEOS_DEPLOYMENT_TARGET = 9.3;
				MTL_ENABLE_DEBUG_INFO = YES;
				ONLY_ACTIVE_ARCH = YES;
				SDKROOT = iphoneos;
				TARGETED_DEVICE_FAMILY = "1,2";
			};
			name = Debug;
		};
		7888D7831D61A17C00302989 /* Release */ = {
			isa = XCBuildConfiguration;
			buildSettings = {
				ALWAYS_SEARCH_USER_PATHS = NO;
				CLANG_ANALYZER_NONNULL = YES;
				CLANG_CXX_LANGUAGE_STANDARD = "gnu++0x";
				CLANG_CXX_LIBRARY = "libc++";
				CLANG_ENABLE_MODULES = YES;
				CLANG_ENABLE_OBJC_ARC = YES;
				CLANG_WARN_BOOL_CONVERSION = YES;
				CLANG_WARN_CONSTANT_CONVERSION = YES;
				CLANG_WARN_DIRECT_OBJC_ISA_USAGE = YES_ERROR;
				CLANG_WARN_EMPTY_BODY = YES;
				CLANG_WARN_ENUM_CONVERSION = YES;
				CLANG_WARN_INT_CONVERSION = YES;
				CLANG_WARN_OBJC_ROOT_CLASS = YES_ERROR;
				CLANG_WARN_UNREACHABLE_CODE = YES;
				CLANG_WARN__DUPLICATE_METHOD_MATCH = YES;
				"CODE_SIGN_IDENTITY[sdk=iphoneos*]" = "iPhone Developer";
				COPY_PHASE_STRIP = NO;
				DEBUG_INFORMATION_FORMAT = "dwarf-with-dsym";
				ENABLE_NS_ASSERTIONS = NO;
				ENABLE_STRICT_OBJC_MSGSEND = YES;
				GCC_C_LANGUAGE_STANDARD = gnu99;
				GCC_NO_COMMON_BLOCKS = YES;
				GCC_WARN_64_TO_32_BIT_CONVERSION = YES;
				GCC_WARN_ABOUT_RETURN_TYPE = YES_ERROR;
				GCC_WARN_UNDECLARED_SELECTOR = YES;
				GCC_WARN_UNINITIALIZED_AUTOS = YES_AGGRESSIVE;
				GCC_WARN_UNUSED_FUNCTION = YES;
				GCC_WARN_UNUSED_VARIABLE = YES;
				IPHONEOS_DEPLOYMENT_TARGET = 9.3;
				MTL_ENABLE_DEBUG_INFO = NO;
				SDKROOT = iphoneos;
				TARGETED_DEVICE_FAMILY = "1,2";
				VALIDATE_PRODUCT = YES;
			};
			name = Release;
		};
		7888D7851D61A17C00302989 /* Debug */ = {
			isa = XCBuildConfiguration;
			buildSettings = {
				ASSETCATALOG_COMPILER_APPICON_NAME = AppIcon;
				INFOPLIST_FILE = testDemo/Info.plist;
				LD_RUNPATH_SEARCH_PATHS = "$(inherited) @executable_path/Frameworks";
				PRODUCT_BUNDLE_IDENTIFIER = com.yunluwang.testDemo;
				PRODUCT_NAME = "$(TARGET_NAME)";
			};
			name = Debug;
		};
		7888D7861D61A17C00302989 /* Release */ = {
			isa = XCBuildConfiguration;
			buildSettings = {
				ASSETCATALOG_COMPILER_APPICON_NAME = AppIcon;
				INFOPLIST_FILE = testDemo/Info.plist;
				LD_RUNPATH_SEARCH_PATHS = "$(inherited) @executable_path/Frameworks";
				PRODUCT_BUNDLE_IDENTIFIER = com.yunluwang.testDemo;
				PRODUCT_NAME = "$(TARGET_NAME)";
			};
			name = Release;
		};
		7888D7881D61A17C00302989 /* Debug */ = {
			isa = XCBuildConfiguration;
			buildSettings = {
				BUNDLE_LOADER = "$(TEST_HOST)";
				INFOPLIST_FILE = testDemoTests/Info.plist;
				LD_RUNPATH_SEARCH_PATHS = "$(inherited) @executable_path/Frameworks @loader_path/Frameworks";
				PRODUCT_BUNDLE_IDENTIFIER = com.yunluwang.testDemoTests;
				PRODUCT_NAME = "$(TARGET_NAME)";
				TEST_HOST = "$(BUILT_PRODUCTS_DIR)/testDemo.app/testDemo";
			};
			name = Debug;
		};
		7888D7891D61A17C00302989 /* Release */ = {
			isa = XCBuildConfiguration;
			buildSettings = {
				BUNDLE_LOADER = "$(TEST_HOST)";
				INFOPLIST_FILE = testDemoTests/Info.plist;
				LD_RUNPATH_SEARCH_PATHS = "$(inherited) @executable_path/Frameworks @loader_path/Frameworks";
				PRODUCT_BUNDLE_IDENTIFIER = com.yunluwang.testDemoTests;
				PRODUCT_NAME = "$(TARGET_NAME)";
				TEST_HOST = "$(BUILT_PRODUCTS_DIR)/testDemo.app/testDemo";
			};
			name = Release;
		};
		7888D78B1D61A17C00302989 /* Debug */ = {
			isa = XCBuildConfiguration;
			buildSettings = {
				INFOPLIST_FILE = testDemoUITests/Info.plist;
				LD_RUNPATH_SEARCH_PATHS = "$(inherited) @executable_path/Frameworks @loader_path/Frameworks";
				PRODUCT_BUNDLE_IDENTIFIER = com.yunluwang.testDemoUITests;
				PRODUCT_NAME = "$(TARGET_NAME)";
				TEST_TARGET_NAME = testDemo;
			};
			name = Debug;
		};
		7888D78C1D61A17C00302989 /* Release */ = {
			isa = XCBuildConfiguration;
			buildSettings = {
				INFOPLIST_FILE = testDemoUITests/Info.plist;
				LD_RUNPATH_SEARCH_PATHS = "$(inherited) @executable_path/Frameworks @loader_path/Frameworks";
				PRODUCT_BUNDLE_IDENTIFIER = com.yunluwang.testDemoUITests;
				PRODUCT_NAME = "$(TARGET_NAME)";
				TEST_TARGET_NAME = testDemo;
			};
			name = Release;
		};
/* End XCBuildConfiguration section */

/* Begin XCConfigurationList section */
		7888D7521D61A17C00302989 /* Build configuration list for PBXProject "testDemo" */ = {
			isa = XCConfigurationList;
			buildConfigurations = (
				7888D7821D61A17C00302989 /* Debug */,
				7888D7831D61A17C00302989 /* Release */,
			);
			defaultConfigurationIsVisible = 0;
			defaultConfigurationName = Release;
		};
		7888D7841D61A17C00302989 /* Build configuration list for PBXNativeTarget "testDemo" */ = {
			isa = XCConfigurationList;
			buildConfigurations = (
				7888D7851D61A17C00302989 /* Debug */,
				7888D7861D61A17C00302989 /* Release */,
			);
			defaultConfigurationIsVisible = 0;
			defaultConfigurationName = Release;
		};
		7888D7871D61A17C00302989 /* Build configuration list for PBXNativeTarget "testDemoTests" */ = {
			isa = XCConfigurationList;
			buildConfigurations = (
				7888D7881D61A17C00302989 /* Debug */,
				7888D7891D61A17C00302989 /* Release */,
			);
			defaultConfigurationIsVisible = 0;
			defaultConfigurationName = Release;
		};
		7888D78A1D61A17C00302989 /* Build configuration list for PBXNativeTarget "testDemoUITests" */ = {
			isa = XCConfigurationList;
			buildConfigurations = (
				7888D78B1D61A17C00302989 /* Debug */,
				7888D78C1D61A17C00302989 /* Release */,
			);
			defaultConfigurationIsVisible = 0;
			defaultConfigurationName = Release;
		};
/* End XCConfigurationList section */
	};
	rootObject = 7888D74F1D61A17C00302989 /* Project object */;
}
